{
  "name": "@kubeframe/core",
  "version": "0.4.0",
  "lockfileVersion": 3,
  "requires": true,
  "packages": {
    "": {
      "name": "@kubeframe/core",
      "version": "0.4.0",
      "dependencies": {
        "@kubeframe/k8s": "npm:@kubeframe/k8s-1.32@0.4.5",
        "endent": "^2.1.0",
        "yaml": "^2.7.0"
      },
      "devDependencies": {
        "@types/node": "^22.13.1",
        "typescript": "^5.7.3"
      }
    },
    "node_modules/@kubeframe/k8s": {
      "name": "@kubeframe/k8s-1.32",
      "version": "0.4.5",
      "resolved": "https://registry.npmjs.org/@kubeframe/k8s-1.32/-/k8s-1.32-0.4.5.tgz",
      "integrity": "sha512-2VvB1+qaz1rDWn7oL33mxenfztqvp4AQjdaWQl+YDHJJz4dHfq8zFP69woZ9p4aypsmSY6Sw7GCx2a661AUrxw==",
      "license": "ISC"
    },
    "node_modules/@types/node": {
      "version": "22.13.1",
      "dev": true,
      "license": "MIT",
      "dependencies": {
        "undici-types": "~6.20.0"
      }
    },
    "node_modules/dedent": {
      "version": "0.7.0",
      "license": "MIT"
    },
    "node_modules/endent": {
      "version": "2.1.0",
      "license": "MIT",
      "dependencies": {
        "dedent": "^0.7.0",
        "fast-json-parse": "^1.0.3",
        "objectorarray": "^1.0.5"
      }
    },
    "node_modules/fast-json-parse": {
      "version": "1.0.3",
      "license": "MIT"
    },
    "node_modules/objectorarray": {
      "version": "1.0.5",
      "license": "ISC"
    },
    "node_modules/typescript": {
      "version": "5.7.3",
      "dev": true,
      "license": "Apache-2.0",
      "bin": {
        "tsc": "bin/tsc",
        "tsserver": "bin/tsserver"
      },
      "engines": {
        "node": ">=14.17"
      }
    },
    "node_modules/undici-types": {
      "version": "6.20.0",
      "dev": true,
      "license": "MIT"
    },
    "node_modules/yaml": {
      "version": "2.7.0",
      "license": "ISC",
      "bin": {
        "yaml": "bin.mjs"
      },
      "engines": {
        "node": ">= 14"
      }
    }
  }
}
