{
    "name": "@kubeframe/core",
    "version": "0.1.0",
    "lockfileVersion": 3,
    "requires": true,
    "packages": {
        "": {
            "name": "@kubeframe/core",
            "version": "0.1.0",
            "dependencies": {
                "@kubeframe/k8s": "npm:@kubeframe/k8s-1.32@0.0.3",
                "endent": "^2.1.0",
                "yaml": "^2.7.0"
            },
            "devDependencies": {
                "@types/node": "^22.13.1",
                "typescript": "^5.7.3"
            }
        },
        "../example/k8s/1.32": {
            "name": "k8s",
            "version": "1.0.0",
            "extraneous": true,
            "license": "ISC",
            "devDependencies": {
                "@types/node": "^22.13.0"
            }
        },
        "../k8s-13.2/dist": {
            "extraneous": true
        },
        "k8s/1.32": {
            "version": "1.0.0",
            "extraneous": true,
            "license": "ISC",
            "devDependencies": {
                "@types/node": "^22.13.0"
            }
        },
        "node_modules/@kubeframe/k8s": {
            "name": "@kubeframe/k8s-1.32",
            "version": "0.0.3",
            "resolved": "http://localhost:4873/@kubeframe/k8s-1.32/-/k8s-1.32-0.0.3.tgz",
            "integrity": "sha512-HN6DeWA3XsPGr/3X9nrMUNeL9g+6ECxxYwUPTEoRCHAzQBerlmHjxbAD/I6gB7g1it5W7zsdRcwyATSPlT/LpA=="
        },
        "node_modules/@types/node": {
            "version": "22.13.1",
            "resolved": "https://registry.npmjs.org/@types/node/-/node-22.13.1.tgz",
            "integrity": "sha512-jK8uzQlrvXqEU91UxiK5J7pKHyzgnI1Qnl0QDHIgVGuolJhRb9EEl28Cj9b3rGR8B2lhFCtvIm5os8lFnO/1Ew==",
            "dev": true,
            "dependencies": {
                "undici-types": "~6.20.0"
            }
        },
        "node_modules/dedent": {
            "version": "0.7.0",
            "resolved": "https://registry.npmjs.org/dedent/-/dedent-0.7.0.tgz",
            "integrity": "sha512-Q6fKUPqnAHAyhiUgFU7BUzLiv0kd8saH9al7tnu5Q/okj6dnupxyTgFIBjVzJATdfIAm9NAsvXNzjaKa+bxVyA=="
        },
        "node_modules/endent": {
            "version": "2.1.0",
            "resolved": "https://registry.npmjs.org/endent/-/endent-2.1.0.tgz",
            "integrity": "sha512-r8VyPX7XL8U01Xgnb1CjZ3XV+z90cXIJ9JPE/R9SEC9vpw2P6CfsRPJmp20DppC5N7ZAMCmjYkJIa744Iyg96w==",
            "dependencies": {
                "dedent": "^0.7.0",
                "fast-json-parse": "^1.0.3",
                "objectorarray": "^1.0.5"
            }
        },
        "node_modules/fast-json-parse": {
            "version": "1.0.3",
            "resolved": "https://registry.npmjs.org/fast-json-parse/-/fast-json-parse-1.0.3.tgz",
            "integrity": "sha512-FRWsaZRWEJ1ESVNbDWmsAlqDk96gPQezzLghafp5J4GUKjbCz3OkAHuZs5TuPEtkbVQERysLp9xv6c24fBm8Aw=="
        },
        "node_modules/objectorarray": {
            "version": "1.0.5",
            "resolved": "https://registry.npmjs.org/objectorarray/-/objectorarray-1.0.5.tgz",
            "integrity": "sha512-eJJDYkhJFFbBBAxeh8xW+weHlkI28n2ZdQV/J/DNfWfSKlGEf2xcfAbZTv3riEXHAhL9SVOTs2pRmXiSTf78xg=="
        },
        "node_modules/typescript": {
            "version": "5.7.3",
            "resolved": "https://registry.npmjs.org/typescript/-/typescript-5.7.3.tgz",
            "integrity": "sha512-84MVSjMEHP+FQRPy3pX9sTVV/INIex71s9TL2Gm5FG/WG1SqXeKyZ0k7/blY/4FdOzI12CBy1vGc4og/eus0fw==",
            "dev": true,
            "bin": {
                "tsc": "bin/tsc",
                "tsserver": "bin/tsserver"
            },
            "engines": {
                "node": ">=14.17"
            }
        },
        "node_modules/undici-types": {
            "version": "6.20.0",
            "resolved": "https://registry.npmjs.org/undici-types/-/undici-types-6.20.0.tgz",
            "integrity": "sha512-Ny6QZ2Nju20vw1SRHe3d9jVu6gJ+4e3+MMpqu7pqE5HT6WsTSlce++GQmK5UXS8mzV8DSYHrQH+Xrf2jVcuKNg==",
            "dev": true
        },
        "node_modules/yaml": {
            "version": "2.7.0",
            "resolved": "https://registry.npmjs.org/yaml/-/yaml-2.7.0.tgz",
            "integrity": "sha512-+hSoy/QHluxmC9kCIJyL/uyFmLmc+e5CFR5Wa+bpIhIj85LVb9ZH2nVnqrHoSvKogwODv0ClqZkmiSSaIH5LTA==",
            "bin": {
                "yaml": "bin.mjs"
            },
            "engines": {
                "node": ">= 14"
            }
        }
    }
}
