{
    "name": "values-file",
    "version": "0.0.1",
    "lockfileVersion": 3,
    "requires": true,
    "packages": {
        "": {
            "name": "values-file",
            "version": "0.0.1",
            "dependencies": {
                "@kubeframe/core": "~0.4.2",
                "@kubeframe/k8s": "npm:@kubeframe/k8s-1.32@~0.5.2",
                "class-transformer": "^0.5.1",
                "class-validator": "^0.14.1",
                "class-validator-jsonschema": "^5.0.1",
                "reflect-metadata": "^0.2.2"
            },
            "devDependencies": {
                "@kubeframe/cli": "@kubeframe/cli:~0.5.2",
                "@types/node": "^22.13.5",
                "typescript": "^5.7.3"
            }
        },
        "@kubeframe/cli:~0.4.5": {
            "extraneous": true
        },
        "@kubeframe/cli:~0.5.1": {
            "extraneous": true
        },
        "@kubeframe/cli:~0.5.2": {
            "dev": true
        },
        "node_modules/@kubeframe/cli": {
            "resolved": "@kubeframe/cli:~0.5.2",
            "link": true
        },
        "node_modules/@kubeframe/core": {
            "version": "0.4.2",
            "resolved": "https://registry.npmjs.org/@kubeframe/core/-/core-0.4.2.tgz",
            "integrity": "sha512-C4lhSnxZi222UlfBvLFoqQtjffBOG0w5BUwdRm08bt1jwIrors3DG3GDn2G4Fo77QeDY5pUTZOF+05TnFxH/lw==",
            "dependencies": {
                "@kubeframe/k8s": "npm:@kubeframe/k8s-1.32@0.5.2",
                "endent": "^2.1.0",
                "yaml": "^2.7.0"
            }
        },
        "node_modules/@kubeframe/k8s": {
            "name": "@kubeframe/k8s-1.32",
            "version": "0.5.2",
            "resolved": "https://registry.npmjs.org/@kubeframe/k8s-1.32/-/k8s-1.32-0.5.2.tgz",
            "integrity": "sha512-YUJHkEJpssh5av8TfYsrRppF33inlJajEnCYWjoAtZrMXarDrTu4sXfK0GdZUVx4WJp5mzL5mvw22T9PL+oNtA==",
            "license": "ISC"
        },
        "node_modules/@types/node": {
            "version": "22.13.5",
            "resolved": "https://registry.npmjs.org/@types/node/-/node-22.13.5.tgz",
            "integrity": "sha512-+lTU0PxZXn0Dr1NBtC7Y8cR21AJr87dLLU953CWA6pMxxv/UDc7jYAY90upcrie1nRcD6XNG5HOYEDtgW5TxAg==",
            "dev": true,
            "license": "MIT",
            "dependencies": {
                "undici-types": "~6.20.0"
            }
        },
        "node_modules/@types/validator": {
            "version": "13.12.2",
            "resolved": "https://registry.npmjs.org/@types/validator/-/validator-13.12.2.tgz",
            "integrity": "sha512-6SlHBzUW8Jhf3liqrGGXyTJSIFe4nqlJ5A5KaMZ2l/vbM3Wh3KSybots/wfWVzNLK4D1NZluDlSQIbIEPx6oyA==",
            "license": "MIT"
        },
        "node_modules/class-transformer": {
            "version": "0.5.1",
            "resolved": "https://registry.npmjs.org/class-transformer/-/class-transformer-0.5.1.tgz",
            "integrity": "sha512-SQa1Ws6hUbfC98vKGxZH3KFY0Y1lm5Zm0SY8XX9zbK7FJCyVEac3ATW0RIpwzW+oOfmHE5PMPufDG9hCfoEOMw==",
            "license": "MIT"
        },
        "node_modules/class-validator": {
            "version": "0.14.1",
            "resolved": "https://registry.npmjs.org/class-validator/-/class-validator-0.14.1.tgz",
            "integrity": "sha512-2VEG9JICxIqTpoK1eMzZqaV+u/EiwEJkMGzTrZf6sU/fwsnOITVgYJ8yojSy6CaXtO9V0Cc6ZQZ8h8m4UBuLwQ==",
            "license": "MIT",
            "dependencies": {
                "@types/validator": "^13.11.8",
                "libphonenumber-js": "^1.10.53",
                "validator": "^13.9.0"
            }
        },
        "node_modules/class-validator-jsonschema": {
            "version": "5.0.1",
            "resolved": "https://registry.npmjs.org/class-validator-jsonschema/-/class-validator-jsonschema-5.0.1.tgz",
            "integrity": "sha512-9uTdo5jSnJUj7f0dS8YZDqM0Fv1Uky0BWefswnNa2F4nRcKPCiEb5z3nDUaXyEzcERCrizE+0AGDSao1uSNX9g==",
            "license": "MIT",
            "dependencies": {
                "lodash.groupby": "^4.6.0",
                "lodash.merge": "^4.6.2",
                "openapi3-ts": "^3.0.0",
                "reflect-metadata": "^0.1.13",
                "tslib": "^2.4.1"
            },
            "peerDependencies": {
                "class-transformer": "^0.4.0 || ^0.5.0",
                "class-validator": "^0.14.0"
            }
        },
        "node_modules/class-validator-jsonschema/node_modules/reflect-metadata": {
            "version": "0.1.14",
            "resolved": "https://registry.npmjs.org/reflect-metadata/-/reflect-metadata-0.1.14.tgz",
            "integrity": "sha512-ZhYeb6nRaXCfhnndflDK8qI6ZQ/YcWZCISRAWICW9XYqMUwjZM9Z0DveWX/ABN01oxSHwVxKQmxeYZSsm0jh5A==",
            "license": "Apache-2.0"
        },
        "node_modules/dedent": {
            "version": "0.7.0",
            "resolved": "https://registry.npmjs.org/dedent/-/dedent-0.7.0.tgz",
            "integrity": "sha512-Q6fKUPqnAHAyhiUgFU7BUzLiv0kd8saH9al7tnu5Q/okj6dnupxyTgFIBjVzJATdfIAm9NAsvXNzjaKa+bxVyA==",
            "license": "MIT"
        },
        "node_modules/endent": {
            "version": "2.1.0",
            "resolved": "https://registry.npmjs.org/endent/-/endent-2.1.0.tgz",
            "integrity": "sha512-r8VyPX7XL8U01Xgnb1CjZ3XV+z90cXIJ9JPE/R9SEC9vpw2P6CfsRPJmp20DppC5N7ZAMCmjYkJIa744Iyg96w==",
            "license": "MIT",
            "dependencies": {
                "dedent": "^0.7.0",
                "fast-json-parse": "^1.0.3",
                "objectorarray": "^1.0.5"
            }
        },
        "node_modules/fast-json-parse": {
            "version": "1.0.3",
            "resolved": "https://registry.npmjs.org/fast-json-parse/-/fast-json-parse-1.0.3.tgz",
            "integrity": "sha512-FRWsaZRWEJ1ESVNbDWmsAlqDk96gPQezzLghafp5J4GUKjbCz3OkAHuZs5TuPEtkbVQERysLp9xv6c24fBm8Aw==",
            "license": "MIT"
        },
        "node_modules/libphonenumber-js": {
            "version": "1.11.20",
            "resolved": "https://registry.npmjs.org/libphonenumber-js/-/libphonenumber-js-1.11.20.tgz",
            "integrity": "sha512-/ipwAMvtSZRdiQBHqW1qxqeYiBMzncOQLVA+62MWYr7N4m7Q2jqpJ0WgT7zlOEOpyLRSqrMXidbJpC0J77AaKA==",
            "license": "MIT"
        },
        "node_modules/lodash.groupby": {
            "version": "4.6.0",
            "resolved": "https://registry.npmjs.org/lodash.groupby/-/lodash.groupby-4.6.0.tgz",
            "integrity": "sha512-5dcWxm23+VAoz+awKmBaiBvzox8+RqMgFhi7UvX9DHZr2HdxHXM/Wrf8cfKpsW37RNrvtPn6hSwNqurSILbmJw==",
            "license": "MIT"
        },
        "node_modules/lodash.merge": {
            "version": "4.6.2",
            "resolved": "https://registry.npmjs.org/lodash.merge/-/lodash.merge-4.6.2.tgz",
            "integrity": "sha512-0KpjqXRVvrYyCsX1swR/XTK0va6VQkQM6MNo7PqW77ByjAhoARA8EfrP1N4+KlKj8YS0ZUCtRT/YUuhyYDujIQ==",
            "license": "MIT"
        },
        "node_modules/objectorarray": {
            "version": "1.0.5",
            "resolved": "https://registry.npmjs.org/objectorarray/-/objectorarray-1.0.5.tgz",
            "integrity": "sha512-eJJDYkhJFFbBBAxeh8xW+weHlkI28n2ZdQV/J/DNfWfSKlGEf2xcfAbZTv3riEXHAhL9SVOTs2pRmXiSTf78xg==",
            "license": "ISC"
        },
        "node_modules/openapi3-ts": {
            "version": "3.2.0",
            "resolved": "https://registry.npmjs.org/openapi3-ts/-/openapi3-ts-3.2.0.tgz",
            "integrity": "sha512-/ykNWRV5Qs0Nwq7Pc0nJ78fgILvOT/60OxEmB3v7yQ8a8Bwcm43D4diaYazG/KBn6czA+52XYy931WFLMCUeSg==",
            "license": "MIT",
            "dependencies": {
                "yaml": "^2.2.1"
            }
        },
        "node_modules/reflect-metadata": {
            "version": "0.2.2",
            "resolved": "https://registry.npmjs.org/reflect-metadata/-/reflect-metadata-0.2.2.tgz",
            "integrity": "sha512-urBwgfrvVP/eAyXx4hluJivBKzuEbSQs9rKWCrCkbSxNv8mxPcUZKeuoF3Uy4mJl3Lwprp6yy5/39VWigZ4K6Q==",
            "license": "Apache-2.0"
        },
        "node_modules/tslib": {
            "version": "2.8.1",
            "resolved": "https://registry.npmjs.org/tslib/-/tslib-2.8.1.tgz",
            "integrity": "sha512-oJFu94HQb+KVduSUQL7wnpmqnfmLsOA/nAh6b6EH0wCEoK0/mPeXU6c3wKDV83MkOuHPRHtSXKKU99IBazS/2w==",
            "license": "0BSD"
        },
        "node_modules/typescript": {
            "version": "5.7.3",
            "resolved": "https://registry.npmjs.org/typescript/-/typescript-5.7.3.tgz",
            "integrity": "sha512-84MVSjMEHP+FQRPy3pX9sTVV/INIex71s9TL2Gm5FG/WG1SqXeKyZ0k7/blY/4FdOzI12CBy1vGc4og/eus0fw==",
            "dev": true,
            "license": "Apache-2.0",
            "bin": {
                "tsc": "bin/tsc",
                "tsserver": "bin/tsserver"
            },
            "engines": {
                "node": ">=14.17"
            }
        },
        "node_modules/undici-types": {
            "version": "6.20.0",
            "resolved": "https://registry.npmjs.org/undici-types/-/undici-types-6.20.0.tgz",
            "integrity": "sha512-Ny6QZ2Nju20vw1SRHe3d9jVu6gJ+4e3+MMpqu7pqE5HT6WsTSlce++GQmK5UXS8mzV8DSYHrQH+Xrf2jVcuKNg==",
            "dev": true,
            "license": "MIT"
        },
        "node_modules/validator": {
            "version": "13.12.0",
            "resolved": "https://registry.npmjs.org/validator/-/validator-13.12.0.tgz",
            "integrity": "sha512-c1Q0mCiPlgdTVVVIJIrBuxNicYE+t/7oKeI9MWLj3fh/uq2Pxh/3eeWbVZ4OcGW1TUf53At0njHw5SMdA3tmMg==",
            "license": "MIT",
            "engines": {
                "node": ">= 0.10"
            }
        },
        "node_modules/yaml": {
            "version": "2.7.0",
            "resolved": "https://registry.npmjs.org/yaml/-/yaml-2.7.0.tgz",
            "integrity": "sha512-+hSoy/QHluxmC9kCIJyL/uyFmLmc+e5CFR5Wa+bpIhIj85LVb9ZH2nVnqrHoSvKogwODv0ClqZkmiSSaIH5LTA==",
            "license": "ISC",
            "bin": {
                "yaml": "bin.mjs"
            },
            "engines": {
                "node": ">= 14"
            }
        }
    }
}
